// !$*UTF8*$!
{
	archiveVersion = 1;
	classes = {
	};
	objectVersion = 46;
	objects = {

/* Begin PBXBuildFile section */
		BA22E56D1BF9DA5600E64357 /* main.m in Sources */ = {isa = PBXBuildFile; fileRef = BA22E56C1BF9DA5600E64357 /* main.m */; };
		BA22E5701BF9DA5600E64357 /* AppDelegate.m in Sources */ = {isa = PBXBuildFile; fileRef = BA22E56F1BF9DA5600E64357 /* AppDelegate.m */; };
		BA22E5731BF9DA5600E64357 /* JSONKittest.xcdatamodeld in Sources */ = {isa = PBXBuildFile; fileRef = BA22E5711BF9DA5600E64357 /* JSONKittest.xcdatamodeld */; };
		BA22E5761BF9DA5600E64357 /* ViewController.m in Sources */ = {isa = PBXBuildFile; fileRef = BA22E5751BF9DA5600E64357 /* ViewController.m */; };
		BA22E5791BF9DA5600E64357 /* Main.storyboard in Resources */ = {isa = PBXBuildFile; fileRef = BA22E5771BF9DA5600E64357 /* Main.storyboard */; };
		BA22E57B1BF9DA5600E64357 /* Images.xcassets in Resources */ = {isa = PBXBuildFile; fileRef = BA22E57A1BF9DA5600E64357 /* Images.xcassets */; };
		BA22E57E1BF9DA5600E64357 /* LaunchScreen.xib in Resources */ = {isa = PBXBuildFile; fileRef = BA22E57C1BF9DA5600E64357 /* LaunchScreen.xib */; };
		BA22E58A1BF9DA5600E64357 /* JSONKittestTests.m in Sources */ = {isa = PBXBuildFile; fileRef = BA22E5891BF9DA5600E64357 /* JSONKittestTests.m */; };
/* End PBXBuildFile section */

/* Begin PBXContainerItemProxy section */
		BA22E5841BF9DA5600E64357 /* PBXContainerItemProxy */ = {
			isa = PBXContainerItemProxy;
			containerPortal = BA22E55F1BF9DA5600E64357 /* Project object */;
			proxyType = 1;
			remoteGlobalIDString = BA22E5661BF9DA5600E64357;
			remoteInfo = JSONKittest;
		};
/* End PBXContainerItemProxy section */

/* Begin PBXFileReference section */
		BA22E5671BF9DA5600E64357 /* JSONKittest.app */ = {isa = PBXFileReference; explicitFileType = wrapper.application; includeInIndex = 0; path = JSONKittest.app; sourceTree = BUILT_PRODUCTS_DIR; };
		BA22E56B1BF9DA5600E64357 /* Info.plist */ = {isa = PBXFileReference; lastKnownFileType = text.plist.xml; path = Info.plist; sourceTree = "<group>"; };
		BA22E56C1BF9DA5600E64357 /* main.m */ = {isa = PBXFileReference; lastKnownFileType = sourcecode.c.objc; path = main.m; sourceTree = "<group>"; };
		BA22E56E1BF9DA5600E64357 /* AppDelegate.h */ = {isa = PBXFileReference; lastKnownFileType = sourcecode.c.h; path = AppDelegate.h; sourceTree = "<group>"; };
		BA22E56F1BF9DA5600E64357 /* AppDelegate.m */ = {isa = PBXFileReference; lastKnownFileType = sourcecode.c.objc; path = AppDelegate.m; sourceTree = "<group>"; };
		BA22E5721BF9DA5600E64357 /* JSONKittest.xcdatamodel */ = {isa = PBXFileReference; lastKnownFileType = wrapper.xcdatamodel; path = JSONKittest.xcdatamodel; sourceTree = "<group>"; };
		BA22E5741BF9DA5600E64357 /* ViewController.h */ = {isa = PBXFileReference; lastKnownFileType = sourcecode.c.h; path = ViewController.h; sourceTree = "<group>"; };
		BA22E5751BF9DA5600E64357 /* ViewController.m */ = {isa = PBXFileReference; lastKnownFileType = sourcecode.c.objc; path = ViewController.m; sourceTree = "<group>"; };
		BA22E5781BF9DA5600E64357 /* Base */ = {isa = PBXFileReference; lastKnownFileType = file.storyboard; name = Base; path = Base.lproj/Main.storyboard; sourceTree = "<group>"; };
		BA22E57A1BF9DA5600E64357 /* Images.xcassets */ = {isa = PBXFileReference; lastKnownFileType = folder.assetcatalog; path = Images.xcassets; sourceTree = "<group>"; };
		BA22E57D1BF9DA5600E64357 /* Base */ = {isa = PBXFileReference; lastKnownFileType = file.xib; name = Base; path = Base.lproj/LaunchScreen.xib; sourceTree = "<group>"; };
		BA22E5831BF9DA5600E64357 /* JSONKittestTests.xctest */ = {isa = PBXFileReference; explicitFileType = wrapper.cfbundle; includeInIndex = 0; path = JSONKittestTests.xctest; sourceTree = BUILT_PRODUCTS_DIR; };
		BA22E5881BF9DA5600E64357 /* Info.plist */ = {isa = PBXFileReference; lastKnownFileType = text.plist.xml; path = Info.plist; sourceTree = "<group>"; };
		BA22E5891BF9DA5600E64357 /* JSONKittestTests.m */ = {isa = PBXFileReference; lastKnownFileType = sourcecode.c.objc; path = JSONKittestTests.m; sourceTree = "<group>"; };
/* End PBXFileReference section */

/* Begin PBXFrameworksBuildPhase section */
		BA22E5641BF9DA5600E64357 /* Frameworks */ = {
			isa = PBXFrameworksBuildPhase;
			buildActionMask = 2147483647;
			files = (
			);
			runOnlyForDeploymentPostprocessing = 0;
		};
		BA22E5801BF9DA5600E64357 /* Frameworks */ = {
			isa = PBXFrameworksBuildPhase;
			buildActionMask = 2147483647;
			files = (
			);
			runOnlyForDeploymentPostprocessing = 0;
		};
/* End PBXFrameworksBuildPhase section */

/* Begin PBXGroup section */
		BA22E55E1BF9DA5600E64357 = {
			isa = PBXGroup;
			children = (
				BA22E5691BF9DA5600E64357 /* JSONKittest */,
				BA22E5861BF9DA5600E64357 /* JSONKittestTests */,
				BA22E5681BF9DA5600E64357 /* Products */,
			);
			sourceTree = "<group>";
		};
		BA22E5681BF9DA5600E64357 /* Products */ = {
			isa = PBXGroup;
			children = (
				BA22E5671BF9DA5600E64357 /* JSONKittest.app */,
				BA22E5831BF9DA5600E64357 /* JSONKittestTests.xctest */,
			);
			name = Products;
			sourceTree = "<group>";
		};
		BA22E5691BF9DA5600E64357 /* JSONKittest */ = {
			isa = PBXGroup;
			children = (
				BA22E56E1BF9DA5600E64357 /* AppDelegate.h */,
				BA22E56F1BF9DA5600E64357 /* AppDelegate.m */,
				BA22E5741BF9DA5600E64357 /* ViewController.h */,
				BA22E5751BF9DA5600E64357 /* ViewController.m */,
				BA22E5771BF9DA5600E64357 /* Main.storyboard */,
				BA22E57A1BF9DA5600E64357 /* Images.xcassets */,
				BA22E57C1BF9DA5600E64357 /* LaunchScreen.xib */,
				BA22E5711BF9DA5600E64357 /* JSONKittest.xcdatamodeld */,
				BA22E56A1BF9DA5600E64357 /* Supporting Files */,
			);
			path = JSONKittest;
			sourceTree = "<group>";
		};
		BA22E56A1BF9DA5600E64357 /* Supporting Files */ = {
			isa = PBXGroup;
			children = (
				BA22E56B1BF9DA5600E64357 /* Info.plist */,
				BA22E56C1BF9DA5600E64357 /* main.m */,
			);
			name = "Supporting Files";
			sourceTree = "<group>";
		};
		BA22E5861BF9DA5600E64357 /* JSONKittestTests */ = {
			isa = PBXGroup;
			children = (
				BA22E5891BF9DA5600E64357 /* JSONKittestTests.m */,
				BA22E5871BF9DA5600E64357 /* Supporting Files */,
			);
			path = JSONKittestTests;
			sourceTree = "<group>";
		};
		BA22E5871BF9DA5600E64357 /* Supporting Files */ = {
			isa = PBXGroup;
			children = (
				BA22E5881BF9DA5600E64357 /* Info.plist */,
			);
			name = "Supporting Files";
			sourceTree = "<group>";
		};
/* End PBXGroup section */

/* Begin PBXNativeTarget section */
		BA22E5661BF9DA5600E64357 /* JSONKittest */ = {
			isa = PBXNativeTarget;
			buildConfigurationList = BA22E58D1BF9DA5600E64357 /* Build configuration list for PBXNativeTarget "JSONKittest" */;
			buildPhases = (
				BA22E5631BF9DA5600E64357 /* Sources */,
				BA22E5641BF9DA5600E64357 /* Frameworks */,
				BA22E5651BF9DA5600E64357 /* Resources */,
			);
			buildRules = (
			);
			dependencies = (
			);
			name = JSONKittest;
			productName = JSONKittest;
			productReference = BA22E5671BF9DA5600E64357 /* JSONKittest.app */;
			productType = "com.apple.product-type.application";
		};
		BA22E5821BF9DA5600E64357 /* JSONKittestTests */ = {
			isa = PBXNativeTarget;
			buildConfigurationList = BA22E5901BF9DA5600E64357 /* Build configuration list for PBXNativeTarget "JSONKittestTests" */;
			buildPhases = (
				BA22E57F1BF9DA5600E64357 /* Sources */,
				BA22E5801BF9DA5600E64357 /* Frameworks */,
				BA22E5811BF9DA5600E64357 /* Resources */,
			);
			buildRules = (
			);
			dependencies = (
				BA22E5851BF9DA5600E64357 /* PBXTargetDependency */,
			);
			name = JSONKittestTests;
			productName = JSONKittestTests;
			productReference = BA22E5831BF9DA5600E64357 /* JSONKittestTests.xctest */;
			productType = "com.apple.product-type.bundle.unit-test";
		};
/* End PBXNativeTarget section */

/* Begin PBXProject section */
		BA22E55F1BF9DA5600E64357 /* Project object */ = {
			isa = PBXProject;
			attributes = {
				LastUpgradeCheck = 0640;
				ORGANIZATIONNAME = 360;
				TargetAttributes = {
					BA22E5661BF9DA5600E64357 = {
						CreatedOnToolsVersion = 6.4;
					};
					BA22E5821BF9DA5600E64357 = {
						CreatedOnToolsVersion = 6.4;
						TestTargetID = BA22E5661BF9DA5600E64357;
					};
				};
			};
			buildConfigurationList = BA22E5621BF9DA5600E64357 /* Build configuration list for PBXProject "JSONKittest" */;
			compatibilityVersion = "Xcode 3.2";
			developmentRegion = English;
			hasScannedForEncodings = 0;
			knownRegions = (
				en,
				Base,
			);
			mainGroup = BA22E55E1BF9DA5600E64357;
			productRefGroup = BA22E5681BF9DA5600E64357 /* Products */;
			projectDirPath = "";
			projectRoot = "";
			targets = (
				BA22E5661BF9DA5600E64357 /* JSONKittest */,
				BA22E5821BF9DA5600E64357 /* JSONKittestTests */,
			);
		};
/* End PBXProject section */

/* Begin PBXResourcesBuildPhase section */
		BA22E5651BF9DA5600E64357 /* Resources */ = {
			isa = PBXResourcesBuildPhase;
			buildActionMask = 2147483647;
			files = (
				BA22E5791BF9DA5600E64357 /* Main.storyboard in Resources */,
				BA22E57E1BF9DA5600E64357 /* LaunchScreen.xib in Resources */,
				BA22E57B1BF9DA5600E64357 /* Images.xcassets in Resources */,
			);
			runOnlyForDeploymentPostprocessing = 0;
		};
		BA22E5811BF9DA5600E64357 /* Resources */ = {
			isa = PBXResourcesBuildPhase;
			buildActionMask = 2147483647;
			files = (
			);
			runOnlyForDeploymentPostprocessing = 0;
		};
/* End PBXResourcesBuildPhase section */

/* Begin PBXSourcesBuildPhase section */
		BA22E5631BF9DA5600E64357 /* Sources */ = {
			isa = PBXSourcesBuildPhase;
			buildActionMask = 2147483647;
			files = (
				BA22E5701BF9DA5600E64357 /* AppDelegate.m in Sources */,
				BA22E56D1BF9DA5600E64357 /* main.m in Sources */,
				BA22E5761BF9DA5600E64357 /* ViewController.m in Sources */,
				BA22E5731BF9DA5600E64357 /* JSONKittest.xcdatamodeld in Sources */,
			);
			runOnlyForDeploymentPostprocessing = 0;
		};
		BA22E57F1BF9DA5600E64357 /* Sources */ = {
			isa = PBXSourcesBuildPhase;
			buildActionMask = 2147483647;
			files = (
				BA22E58A1BF9DA5600E64357 /* JSONKittestTests.m in Sources */,
			);
			runOnlyForDeploymentPostprocessing = 0;
		};
/* End PBXSourcesBuildPhase section */

/* Begin PBXTargetDependency section */
		BA22E5851BF9DA5600E64357 /* PBXTargetDependency */ = {
			isa = PBXTargetDependency;
			target = BA22E5661BF9DA5600E64357 /* JSONKittest */;
			targetProxy = BA22E5841BF9DA5600E64357 /* PBXContainerItemProxy */;
		};
/* End PBXTargetDependency section */

/* Begin PBXVariantGroup section */
		BA22E5771BF9DA5600E64357 /* Main.storyboard */ = {
			isa = PBXVariantGroup;
			children = (
				BA22E5781BF9DA5600E64357 /* Base */,
			);
			name = Main.storyboard;
			sourceTree = "<group>";
		};
		BA22E57C1BF9DA5600E64357 /* LaunchScreen.xib */ = {
			isa = PBXVariantGroup;
			children = (
				BA22E57D1BF9DA5600E64357 /* Base */,
			);
			name = LaunchScreen.xib;
			sourceTree = "<group>";
		};
/* End PBXVariantGroup section */

/* Begin XCBuildConfiguration section */
		BA22E58B1BF9DA5600E64357 /* Debug */ = {
			isa = XCBuildConfiguration;
			buildSettings = {
				ALWAYS_SEARCH_USER_PATHS = NO;
				CLANG_CXX_LANGUAGE_STANDARD = "gnu++0x";
				CLANG_CXX_LIBRARY = "libc++";
				CLANG_ENABLE_MODULES = YES;
				CLANG_ENABLE_OBJC_ARC = YES;
				CLANG_WARN_BOOL_CONVERSION = YES;
				CLANG_WARN_CONSTANT_CONVERSION = YES;
				CLANG_WARN_DIRECT_OBJC_ISA_USAGE = YES_ERROR;
				CLANG_WARN_EMPTY_BODY = YES;
				CLANG_WARN_ENUM_CONVERSION = YES;
				CLANG_WARN_INT_CONVERSION = YES;
				CLANG_WARN_OBJC_ROOT_CLASS = YES_ERROR;
				CLANG_WARN_UNREACHABLE_CODE = YES;
				CLANG_WARN__DUPLICATE_METHOD_MATCH = YES;
				"CODE_SIGN_IDENTITY[sdk=iphoneos*]" = "iPhone Developer";
				COPY_PHASE_STRIP = NO;
				DEBUG_INFORMATION_FORMAT = "dwarf-with-dsym";
				ENABLE_STRICT_OBJC_MSGSEND = YES;
				GCC_C_LANGUAGE_STANDARD = gnu99;
				GCC_DYNAMIC_NO_PIC = NO;
				GCC_NO_COMMON_BLOCKS = YES;
				GCC_OPTIMIZATION_LEVEL = 0;
				GCC_PREPROCESSOR_DEFINITIONS = (
					"DEBUG=1",
					"$(inherited)",
				);
				GCC_SYMBOLS_PRIVATE_EXTERN = NO;
				GCC_WARN_64_TO_32_BIT_CONVERSION = YES;
				GCC_WARN_ABOUT_RETURN_TYPE = YES_ERROR;
				GCC_WARN_UNDECLARED_SELECTOR = YES;
				GCC_WARN_UNINITIALIZED_AUTOS = YES_AGGRESSIVE;
				GCC_WARN_UNUSED_FUNCTION = YES;
				GCC_WARN_UNUSED_VARIABLE = YES;
				IPHONEOS_DEPLOYMENT_TARGET = 8.4;
				MTL_ENABLE_DEBUG_INFO = YES;
				ONLY_ACTIVE_ARCH = YES;
				SDKROOT = iphoneos;
				TARGETED_DEVICE_FAMILY = "1,2";
			};
			name = Debug;
		};
		BA22E58C1BF9DA5600E64357 /* Release */ = {
			isa = XCBuildConfiguration;
			buildSettings = {
				ALWAYS_SEARCH_USER_PATHS = NO;
				CLANG_CXX_LANGUAGE_STANDARD = "gnu++0x";
				CLANG_CXX_LIBRARY = "libc++";
				CLANG_ENABLE_MODULES = YES;
				CLANG_ENABLE_OBJC_ARC = YES;
				CLANG_WARN_BOOL_CONVERSION = YES;
				CLANG_WARN_CONSTANT_CONVERSION = YES;
				CLANG_WARN_DIRECT_OBJC_ISA_USAGE = YES_ERROR;
				CLANG_WARN_EMPTY_BODY = YES;
				CLANG_WARN_ENUM_CONVERSION = YES;
				CLANG_WARN_INT_CONVERSION = YES;
				CLANG_WARN_OBJC_ROOT_CLASS = YES_ERROR;
				CLANG_WARN_UNREACHABLE_CODE = YES;
				CLANG_WARN__DUPLICATE_METHOD_MATCH = YES;
				"CODE_SIGN_IDENTITY[sdk=iphoneos*]" = "iPhone Developer";
				COPY_PHASE_STRIP = NO;
				DEBUG_INFORMATION_FORMAT = "dwarf-with-dsym";
				ENABLE_NS_ASSERTIONS = NO;
				ENABLE_STRICT_OBJC_MSGSEND = YES;
				GCC_C_LANGUAGE_STANDARD = gnu99;
				GCC_NO_COMMON_BLOCKS = YES;
				GCC_WARN_64_TO_32_BIT_CONVERSION = YES;
				GCC_WARN_ABOUT_RETURN_TYPE = YES_ERROR;
				GCC_WARN_UNDECLARED_SELECTOR = YES;
				GCC_WARN_UNINITIALIZED_AUTOS = YES_AGGRESSIVE;
				GCC_WARN_UNUSED_FUNCTION = YES;
				GCC_WARN_UNUSED_VARIABLE = YES;
				IPHONEOS_DEPLOYMENT_TARGET = 8.4;
				MTL_ENABLE_DEBUG_INFO = NO;
				SDKROOT = iphoneos;
				TARGETED_DEVICE_FAMILY = "1,2";
				VALIDATE_PRODUCT = YES;
			};
			name = Release;
		};
		BA22E58E1BF9DA5600E64357 /* Debug */ = {
			isa = XCBuildConfiguration;
			buildSettings = {
				ASSETCATALOG_COMPILER_APPICON_NAME = AppIcon;
				INFOPLIST_FILE = JSONKittest/Info.plist;
				LD_RUNPATH_SEARCH_PATHS = "$(inherited) @executable_path/Frameworks";
				PRODUCT_NAME = "$(TARGET_NAME)";
			};
			name = Debug;
		};
		BA22E58F1BF9DA5600E64357 /* Release */ = {
			isa = XCBuildConfiguration;
			buildSettings = {
				ASSETCATALOG_COMPILER_APPICON_NAME = AppIcon;
				INFOPLIST_FILE = JSONKittest/Info.plist;
				LD_RUNPATH_SEARCH_PATHS = "$(inherited) @executable_path/Frameworks";
				PRODUCT_NAME = "$(TARGET_NAME)";
			};
			name = Release;
		};
		BA22E5911BF9DA5600E64357 /* Debug */ = {
			isa = XCBuildConfiguration;
			buildSettings = {
				BUNDLE_LOADER = "$(TEST_HOST)";
				FRAMEWORK_SEARCH_PATHS = (
					"$(SDKROOT)/Developer/Library/Frameworks",
					"$(inherited)",
				);
				GCC_PREPROCESSOR_DEFINITIONS = (
					"DEBUG=1",
					"$(inherited)",
				);
				INFOPLIST_FILE = JSONKittestTests/Info.plist;
				LD_RUNPATH_SEARCH_PATHS = "$(inherited) @executable_path/Frameworks @loader_path/Frameworks";
				PRODUCT_NAME = "$(TARGET_NAME)";
				TEST_HOST = "$(BUILT_PRODUCTS_DIR)/JSONKittest.app/JSONKittest";
			};
			name = Debug;
		};
		BA22E5921BF9DA5600E64357 /* Release */ = {
			isa = XCBuildConfiguration;
			buildSettings = {
				BUNDLE_LOADER = "$(TEST_HOST)";
				FRAMEWORK_SEARCH_PATHS = (
					"$(SDKROOT)/Developer/Library/Frameworks",
					"$(inherited)",
				);
				INFOPLIST_FILE = JSONKittestTests/Info.plist;
				LD_RUNPATH_SEARCH_PATHS = "$(inherited) @executable_path/Frameworks @loader_path/Frameworks";
				PRODUCT_NAME = "$(TARGET_NAME)";
				TEST_HOST = "$(BUILT_PRODUCTS_DIR)/JSONKittest.app/JSONKittest";
			};
			name = Release;
		};
/* End XCBuildConfiguration section */

/* Begin XCConfigurationList section */
		BA22E5621BF9DA5600E64357 /* Build configuration list for PBXProject "JSONKittest" */ = {
			isa = XCConfigurationList;
			buildConfigurations = (
				BA22E58B1BF9DA5600E64357 /* Debug */,
				BA22E58C1BF9DA5600E64357 /* Release */,
			);
			defaultConfigurationIsVisible = 0;
			defaultConfigurationName = Release;
		};
		BA22E58D1BF9DA5600E64357 /* Build configuration list for PBXNativeTarget "JSONKittest" */ = {
			isa = XCConfigurationList;
			buildConfigurations = (
				BA22E58E1BF9DA5600E64357 /* Debug */,
				BA22E58F1BF9DA5600E64357 /* Release */,
			);
			defaultConfigurationIsVisible = 0;
		};
		BA22E5901BF9DA5600E64357 /* Build configuration list for PBXNativeTarget "JSONKittestTests" */ = {
			isa = XCConfigurationList;
			buildConfigurations = (
				BA22E5911BF9DA5600E64357 /* Debug */,
				BA22E5921BF9DA5600E64357 /* Release */,
			);
			defaultConfigurationIsVisible = 0;
		};
/* End XCConfigurationList section */

/* Begin XCVersionGroup section */
		BA22E5711BF9DA5600E64357 /* JSONKittest.xcdatamodeld */ = {
			isa = XCVersionGroup;
			children = (
				BA22E5721BF9DA5600E64357 /* JSONKittest.xcdatamodel */,
			);
			currentVersion = BA22E5721BF9DA5600E64357 /* JSONKittest.xcdatamodel */;
			path = JSONKittest.xcdatamodeld;
			sourceTree = "<group>";
			versionGroupType = wrapper.xcdatamodel;
		};
/* End XCVersionGroup section */
	};
	rootObject = BA22E55F1BF9DA5600E64357 /* Project object */;
}
