// !$*UTF8*$!
{
	archiveVersion = 1;
	classes = {
	};
	objectVersion = 46;
	objects = {

/* Begin PBXBuildFile section */
		BAB6FEA71C295BE00028BC13 /* main.m in Sources */ = {isa = PBXBuildFile; fileRef = BAB6FEA61C295BE00028BC13 /* main.m */; };
		BAB6FEAA1C295BE00028BC13 /* AppDelegate.m in Sources */ = {isa = PBXBuildFile; fileRef = BAB6FEA91C295BE00028BC13 /* AppDelegate.m */; };
		BAB6FEAD1C295BE00028BC13 /* testPrivateAPI.xcdatamodeld in Sources */ = {isa = PBXBuildFile; fileRef = BAB6FEAB1C295BE00028BC13 /* testPrivateAPI.xcdatamodeld */; };
		BAB6FEB01C295BE00028BC13 /* ViewController.m in Sources */ = {isa = PBXBuildFile; fileRef = BAB6FEAF1C295BE00028BC13 /* ViewController.m */; };
		BAB6FEB31C295BE00028BC13 /* Main.storyboard in Resources */ = {isa = PBXBuildFile; fileRef = BAB6FEB11C295BE00028BC13 /* Main.storyboard */; };
		BAB6FEB51C295BE00028BC13 /* Images.xcassets in Resources */ = {isa = PBXBuildFile; fileRef = BAB6FEB41C295BE00028BC13 /* Images.xcassets */; };
		BAB6FEB81C295BE00028BC13 /* LaunchScreen.xib in Resources */ = {isa = PBXBuildFile; fileRef = BAB6FEB61C295BE00028BC13 /* LaunchScreen.xib */; };
		BAB6FEC41C295BE00028BC13 /* testPrivateAPITests.m in Sources */ = {isa = PBXBuildFile; fileRef = BAB6FEC31C295BE00028BC13 /* testPrivateAPITests.m */; };
		BAD6229A1C2B8BC700EAD950 /* IOKit.framework in Frameworks */ = {isa = PBXBuildFile; fileRef = BAD622991C2B8BC700EAD950 /* IOKit.framework */; };
		BAD623061C2BF3A800EAD950 /* UIKit.framework in Frameworks */ = {isa = PBXBuildFile; fileRef = BAD623051C2BF3A800EAD950 /* UIKit.framework */; };
		BAD623081C2BF3AC00EAD950 /* Foundation.framework in Frameworks */ = {isa = PBXBuildFile; fileRef = BAD623071C2BF3AC00EAD950 /* Foundation.framework */; };
		BAD6230A1C2BF3B500EAD950 /* CoreFoundation.framework in Frameworks */ = {isa = PBXBuildFile; fileRef = BAD623091C2BF3B500EAD950 /* CoreFoundation.framework */; };
		BAD623201C2CE9F100EAD950 /* NSArray+LBExtension.m in Sources */ = {isa = PBXBuildFile; fileRef = BAD6230F1C2CE9F100EAD950 /* NSArray+LBExtension.m */; };
		BAD623211C2CE9F100EAD950 /* NSData+BeeCategory.m in Sources */ = {isa = PBXBuildFile; fileRef = BAD623111C2CE9F100EAD950 /* NSData+BeeCategory.m */; };
		BAD623221C2CE9F100EAD950 /* NSString+LBExtension.m in Sources */ = {isa = PBXBuildFile; fileRef = BAD623131C2CE9F100EAD950 /* NSString+LBExtension.m */; };
		BAD623231C2CE9F100EAD950 /* UIDevice+IOKitDeviceInfo.m in Sources */ = {isa = PBXBuildFile; fileRef = BAD623151C2CE9F100EAD950 /* UIDevice+IOKitDeviceInfo.m */; };
		BAD623241C2CE9F100EAD950 /* LB_DeviceInfo.m in Sources */ = {isa = PBXBuildFile; fileRef = BAD623171C2CE9F100EAD950 /* LB_DeviceInfo.m */; };
		BAD623251C2CE9F100EAD950 /* LB_Foundation.m in Sources */ = {isa = PBXBuildFile; fileRef = BAD623191C2CE9F100EAD950 /* LB_Foundation.m */; };
		BAD623261C2CE9F100EAD950 /* LB_Sandbox.m in Sources */ = {isa = PBXBuildFile; fileRef = BAD6231B1C2CE9F100EAD950 /* LB_Sandbox.m */; };
		BAD623271C2CE9F100EAD950 /* LB_Singleton.m in Sources */ = {isa = PBXBuildFile; fileRef = BAD6231D1C2CE9F100EAD950 /* LB_Singleton.m */; };
		BAD623281C2CE9F100EAD950 /* LB_SystemInfo.m in Sources */ = {isa = PBXBuildFile; fileRef = BAD6231F1C2CE9F100EAD950 /* LB_SystemInfo.m */; };
/* End PBXBuildFile section */

/* Begin PBXContainerItemProxy section */
		BAB6FEBE1C295BE00028BC13 /* PBXContainerItemProxy */ = {
			isa = PBXContainerItemProxy;
			containerPortal = BAB6FE991C295BE00028BC13 /* Project object */;
			proxyType = 1;
			remoteGlobalIDString = BAB6FEA01C295BE00028BC13;
			remoteInfo = testPrivateAPI;
		};
/* End PBXContainerItemProxy section */

/* Begin PBXFileReference section */
		BAB6FEA11C295BE00028BC13 /* testPrivateAPI.app */ = {isa = PBXFileReference; explicitFileType = wrapper.application; includeInIndex = 0; path = testPrivateAPI.app; sourceTree = BUILT_PRODUCTS_DIR; };
		BAB6FEA51C295BE00028BC13 /* Info.plist */ = {isa = PBXFileReference; lastKnownFileType = text.plist.xml; path = Info.plist; sourceTree = "<group>"; };
		BAB6FEA61C295BE00028BC13 /* main.m */ = {isa = PBXFileReference; lastKnownFileType = sourcecode.c.objc; path = main.m; sourceTree = "<group>"; };
		BAB6FEA81C295BE00028BC13 /* AppDelegate.h */ = {isa = PBXFileReference; lastKnownFileType = sourcecode.c.h; path = AppDelegate.h; sourceTree = "<group>"; };
		BAB6FEA91C295BE00028BC13 /* AppDelegate.m */ = {isa = PBXFileReference; lastKnownFileType = sourcecode.c.objc; path = AppDelegate.m; sourceTree = "<group>"; };
		BAB6FEAC1C295BE00028BC13 /* testPrivateAPI.xcdatamodel */ = {isa = PBXFileReference; lastKnownFileType = wrapper.xcdatamodel; path = testPrivateAPI.xcdatamodel; sourceTree = "<group>"; };
		BAB6FEAE1C295BE00028BC13 /* ViewController.h */ = {isa = PBXFileReference; lastKnownFileType = sourcecode.c.h; path = ViewController.h; sourceTree = "<group>"; };
		BAB6FEAF1C295BE00028BC13 /* ViewController.m */ = {isa = PBXFileReference; lastKnownFileType = sourcecode.c.objc; path = ViewController.m; sourceTree = "<group>"; };
		BAB6FEB21C295BE00028BC13 /* Base */ = {isa = PBXFileReference; lastKnownFileType = file.storyboard; name = Base; path = Base.lproj/Main.storyboard; sourceTree = "<group>"; };
		BAB6FEB41C295BE00028BC13 /* Images.xcassets */ = {isa = PBXFileReference; lastKnownFileType = folder.assetcatalog; path = Images.xcassets; sourceTree = "<group>"; };
		BAB6FEB71C295BE00028BC13 /* Base */ = {isa = PBXFileReference; lastKnownFileType = file.xib; name = Base; path = Base.lproj/LaunchScreen.xib; sourceTree = "<group>"; };
		BAB6FEBD1C295BE00028BC13 /* testPrivateAPITests.xctest */ = {isa = PBXFileReference; explicitFileType = wrapper.cfbundle; includeInIndex = 0; path = testPrivateAPITests.xctest; sourceTree = BUILT_PRODUCTS_DIR; };
		BAB6FEC21C295BE00028BC13 /* Info.plist */ = {isa = PBXFileReference; lastKnownFileType = text.plist.xml; path = Info.plist; sourceTree = "<group>"; };
		BAB6FEC31C295BE00028BC13 /* testPrivateAPITests.m */ = {isa = PBXFileReference; lastKnownFileType = sourcecode.c.objc; path = testPrivateAPITests.m; sourceTree = "<group>"; };
		BAD622991C2B8BC700EAD950 /* IOKit.framework */ = {isa = PBXFileReference; lastKnownFileType = wrapper.framework; name = IOKit.framework; path = System/Library/Frameworks/IOKit.framework; sourceTree = SDKROOT; };
		BAD623051C2BF3A800EAD950 /* UIKit.framework */ = {isa = PBXFileReference; lastKnownFileType = wrapper.framework; name = UIKit.framework; path = System/Library/Frameworks/UIKit.framework; sourceTree = SDKROOT; };
		BAD623071C2BF3AC00EAD950 /* Foundation.framework */ = {isa = PBXFileReference; lastKnownFileType = wrapper.framework; name = Foundation.framework; path = System/Library/Frameworks/Foundation.framework; sourceTree = SDKROOT; };
		BAD623091C2BF3B500EAD950 /* CoreFoundation.framework */ = {isa = PBXFileReference; lastKnownFileType = wrapper.framework; name = CoreFoundation.framework; path = System/Library/Frameworks/CoreFoundation.framework; sourceTree = SDKROOT; };
		BAD6230E1C2CE9F100EAD950 /* NSArray+LBExtension.h */ = {isa = PBXFileReference; fileEncoding = 4; lastKnownFileType = sourcecode.c.h; path = "NSArray+LBExtension.h"; sourceTree = "<group>"; };
		BAD6230F1C2CE9F100EAD950 /* NSArray+LBExtension.m */ = {isa = PBXFileReference; fileEncoding = 4; lastKnownFileType = sourcecode.c.objc; path = "NSArray+LBExtension.m"; sourceTree = "<group>"; };
		BAD623101C2CE9F100EAD950 /* NSData+BeeCategory.h */ = {isa = PBXFileReference; fileEncoding = 4; lastKnownFileType = sourcecode.c.h; path = "NSData+BeeCategory.h"; sourceTree = "<group>"; };
		BAD623111C2CE9F100EAD950 /* NSData+BeeCategory.m */ = {isa = PBXFileReference; fileEncoding = 4; lastKnownFileType = sourcecode.c.objc; path = "NSData+BeeCategory.m"; sourceTree = "<group>"; };
		BAD623121C2CE9F100EAD950 /* NSString+LBExtension.h */ = {isa = PBXFileReference; fileEncoding = 4; lastKnownFileType = sourcecode.c.h; path = "NSString+LBExtension.h"; sourceTree = "<group>"; };
		BAD623131C2CE9F100EAD950 /* NSString+LBExtension.m */ = {isa = PBXFileReference; fileEncoding = 4; lastKnownFileType = sourcecode.c.objc; path = "NSString+LBExtension.m"; sourceTree = "<group>"; };
		BAD623141C2CE9F100EAD950 /* UIDevice+IOKitDeviceInfo.h */ = {isa = PBXFileReference; fileEncoding = 4; lastKnownFileType = sourcecode.c.h; path = "UIDevice+IOKitDeviceInfo.h"; sourceTree = "<group>"; };
		BAD623151C2CE9F100EAD950 /* UIDevice+IOKitDeviceInfo.m */ = {isa = PBXFileReference; fileEncoding = 4; lastKnownFileType = sourcecode.c.objc; path = "UIDevice+IOKitDeviceInfo.m"; sourceTree = "<group>"; };
		BAD623161C2CE9F100EAD950 /* LB_DeviceInfo.h */ = {isa = PBXFileReference; fileEncoding = 4; lastKnownFileType = sourcecode.c.h; path = LB_DeviceInfo.h; sourceTree = "<group>"; };
		BAD623171C2CE9F100EAD950 /* LB_DeviceInfo.m */ = {isa = PBXFileReference; fileEncoding = 4; lastKnownFileType = sourcecode.c.objc; path = LB_DeviceInfo.m; sourceTree = "<group>"; };
		BAD623181C2CE9F100EAD950 /* LB_Foundation.h */ = {isa = PBXFileReference; fileEncoding = 4; lastKnownFileType = sourcecode.c.h; path = LB_Foundation.h; sourceTree = "<group>"; };
		BAD623191C2CE9F100EAD950 /* LB_Foundation.m */ = {isa = PBXFileReference; fileEncoding = 4; lastKnownFileType = sourcecode.c.objc; path = LB_Foundation.m; sourceTree = "<group>"; };
		BAD6231A1C2CE9F100EAD950 /* LB_Sandbox.h */ = {isa = PBXFileReference; fileEncoding = 4; lastKnownFileType = sourcecode.c.h; path = LB_Sandbox.h; sourceTree = "<group>"; };
		BAD6231B1C2CE9F100EAD950 /* LB_Sandbox.m */ = {isa = PBXFileReference; fileEncoding = 4; lastKnownFileType = sourcecode.c.objc; path = LB_Sandbox.m; sourceTree = "<group>"; };
		BAD6231C1C2CE9F100EAD950 /* LB_Singleton.h */ = {isa = PBXFileReference; fileEncoding = 4; lastKnownFileType = sourcecode.c.h; path = LB_Singleton.h; sourceTree = "<group>"; };
		BAD6231D1C2CE9F100EAD950 /* LB_Singleton.m */ = {isa = PBXFileReference; fileEncoding = 4; lastKnownFileType = sourcecode.c.objc; path = LB_Singleton.m; sourceTree = "<group>"; };
		BAD6231E1C2CE9F100EAD950 /* LB_SystemInfo.h */ = {isa = PBXFileReference; fileEncoding = 4; lastKnownFileType = sourcecode.c.h; path = LB_SystemInfo.h; sourceTree = "<group>"; };
		BAD6231F1C2CE9F100EAD950 /* LB_SystemInfo.m */ = {isa = PBXFileReference; fileEncoding = 4; lastKnownFileType = sourcecode.c.objc; path = LB_SystemInfo.m; sourceTree = "<group>"; };
/* End PBXFileReference section */

/* Begin PBXFrameworksBuildPhase section */
		BAB6FE9E1C295BE00028BC13 /* Frameworks */ = {
			isa = PBXFrameworksBuildPhase;
			buildActionMask = 2147483647;
			files = (
				BAD6230A1C2BF3B500EAD950 /* CoreFoundation.framework in Frameworks */,
				BAD623081C2BF3AC00EAD950 /* Foundation.framework in Frameworks */,
				BAD623061C2BF3A800EAD950 /* UIKit.framework in Frameworks */,
				BAD6229A1C2B8BC700EAD950 /* IOKit.framework in Frameworks */,
			);
			runOnlyForDeploymentPostprocessing = 0;
		};
		BAB6FEBA1C295BE00028BC13 /* Frameworks */ = {
			isa = PBXFrameworksBuildPhase;
			buildActionMask = 2147483647;
			files = (
			);
			runOnlyForDeploymentPostprocessing = 0;
		};
/* End PBXFrameworksBuildPhase section */

/* Begin PBXGroup section */
		BAB6FE981C295BE00028BC13 = {
			isa = PBXGroup;
			children = (
				BAD623091C2BF3B500EAD950 /* CoreFoundation.framework */,
				BAD623071C2BF3AC00EAD950 /* Foundation.framework */,
				BAD623051C2BF3A800EAD950 /* UIKit.framework */,
				BAD622991C2B8BC700EAD950 /* IOKit.framework */,
				BAB6FEA31C295BE00028BC13 /* testPrivateAPI */,
				BAB6FEC01C295BE00028BC13 /* testPrivateAPITests */,
				BAB6FEA21C295BE00028BC13 /* Products */,
			);
			sourceTree = "<group>";
		};
		BAB6FEA21C295BE00028BC13 /* Products */ = {
			isa = PBXGroup;
			children = (
				BAB6FEA11C295BE00028BC13 /* testPrivateAPI.app */,
				BAB6FEBD1C295BE00028BC13 /* testPrivateAPITests.xctest */,
			);
			name = Products;
			sourceTree = "<group>";
		};
		BAB6FEA31C295BE00028BC13 /* testPrivateAPI */ = {
			isa = PBXGroup;
			children = (
				BAD6230B1C2CE9F100EAD950 /* System */,
				BAB6FEA81C295BE00028BC13 /* AppDelegate.h */,
				BAB6FEA91C295BE00028BC13 /* AppDelegate.m */,
				BAB6FEAE1C295BE00028BC13 /* ViewController.h */,
				BAB6FEAF1C295BE00028BC13 /* ViewController.m */,
				BAB6FEB11C295BE00028BC13 /* Main.storyboard */,
				BAB6FEB41C295BE00028BC13 /* Images.xcassets */,
				BAB6FEB61C295BE00028BC13 /* LaunchScreen.xib */,
				BAB6FEAB1C295BE00028BC13 /* testPrivateAPI.xcdatamodeld */,
				BAB6FEA41C295BE00028BC13 /* Supporting Files */,
			);
			path = testPrivateAPI;
			sourceTree = "<group>";
		};
		BAB6FEA41C295BE00028BC13 /* Supporting Files */ = {
			isa = PBXGroup;
			children = (
				BAB6FEA51C295BE00028BC13 /* Info.plist */,
				BAB6FEA61C295BE00028BC13 /* main.m */,
			);
			name = "Supporting Files";
			sourceTree = "<group>";
		};
		BAB6FEC01C295BE00028BC13 /* testPrivateAPITests */ = {
			isa = PBXGroup;
			children = (
				BAB6FEC31C295BE00028BC13 /* testPrivateAPITests.m */,
				BAB6FEC11C295BE00028BC13 /* Supporting Files */,
			);
			path = testPrivateAPITests;
			sourceTree = "<group>";
		};
		BAB6FEC11C295BE00028BC13 /* Supporting Files */ = {
			isa = PBXGroup;
			children = (
				BAB6FEC21C295BE00028BC13 /* Info.plist */,
			);
			name = "Supporting Files";
			sourceTree = "<group>";
		};
		BAD6230B1C2CE9F100EAD950 /* System */ = {
			isa = PBXGroup;
			children = (
				BAD6230C1C2CE9F100EAD950 /* foundation */,
			);
			path = System;
			sourceTree = "<group>";
		};
		BAD6230C1C2CE9F100EAD950 /* foundation */ = {
			isa = PBXGroup;
			children = (
				BAD6230D1C2CE9F100EAD950 /* Category */,
				BAD623161C2CE9F100EAD950 /* LB_DeviceInfo.h */,
				BAD623171C2CE9F100EAD950 /* LB_DeviceInfo.m */,
				BAD623181C2CE9F100EAD950 /* LB_Foundation.h */,
				BAD623191C2CE9F100EAD950 /* LB_Foundation.m */,
				BAD6231A1C2CE9F100EAD950 /* LB_Sandbox.h */,
				BAD6231B1C2CE9F100EAD950 /* LB_Sandbox.m */,
				BAD6231C1C2CE9F100EAD950 /* LB_Singleton.h */,
				BAD6231D1C2CE9F100EAD950 /* LB_Singleton.m */,
				BAD6231E1C2CE9F100EAD950 /* LB_SystemInfo.h */,
				BAD6231F1C2CE9F100EAD950 /* LB_SystemInfo.m */,
			);
			path = foundation;
			sourceTree = "<group>";
		};
		BAD6230D1C2CE9F100EAD950 /* Category */ = {
			isa = PBXGroup;
			children = (
				BAD6230E1C2CE9F100EAD950 /* NSArray+LBExtension.h */,
				BAD6230F1C2CE9F100EAD950 /* NSArray+LBExtension.m */,
				BAD623101C2CE9F100EAD950 /* NSData+BeeCategory.h */,
				BAD623111C2CE9F100EAD950 /* NSData+BeeCategory.m */,
				BAD623121C2CE9F100EAD950 /* NSString+LBExtension.h */,
				BAD623131C2CE9F100EAD950 /* NSString+LBExtension.m */,
				BAD623141C2CE9F100EAD950 /* UIDevice+IOKitDeviceInfo.h */,
				BAD623151C2CE9F100EAD950 /* UIDevice+IOKitDeviceInfo.m */,
			);
			path = Category;
			sourceTree = "<group>";
		};
/* End PBXGroup section */

/* Begin PBXNativeTarget section */
		BAB6FEA01C295BE00028BC13 /* testPrivateAPI */ = {
			isa = PBXNativeTarget;
			buildConfigurationList = BAB6FEC71C295BE00028BC13 /* Build configuration list for PBXNativeTarget "testPrivateAPI" */;
			buildPhases = (
				BAB6FE9D1C295BE00028BC13 /* Sources */,
				BAB6FE9E1C295BE00028BC13 /* Frameworks */,
				BAB6FE9F1C295BE00028BC13 /* Resources */,
			);
			buildRules = (
			);
			dependencies = (
			);
			name = testPrivateAPI;
			productName = testPrivateAPI;
			productReference = BAB6FEA11C295BE00028BC13 /* testPrivateAPI.app */;
			productType = "com.apple.product-type.application";
		};
		BAB6FEBC1C295BE00028BC13 /* testPrivateAPITests */ = {
			isa = PBXNativeTarget;
			buildConfigurationList = BAB6FECA1C295BE00028BC13 /* Build configuration list for PBXNativeTarget "testPrivateAPITests" */;
			buildPhases = (
				BAB6FEB91C295BE00028BC13 /* Sources */,
				BAB6FEBA1C295BE00028BC13 /* Frameworks */,
				BAB6FEBB1C295BE00028BC13 /* Resources */,
			);
			buildRules = (
			);
			dependencies = (
				BAB6FEBF1C295BE00028BC13 /* PBXTargetDependency */,
			);
			name = testPrivateAPITests;
			productName = testPrivateAPITests;
			productReference = BAB6FEBD1C295BE00028BC13 /* testPrivateAPITests.xctest */;
			productType = "com.apple.product-type.bundle.unit-test";
		};
/* End PBXNativeTarget section */

/* Begin PBXProject section */
		BAB6FE991C295BE00028BC13 /* Project object */ = {
			isa = PBXProject;
			attributes = {
				LastUpgradeCheck = 0640;
				ORGANIZATIONNAME = 360;
				TargetAttributes = {
					BAB6FEA01C295BE00028BC13 = {
						CreatedOnToolsVersion = 6.4;
					};
					BAB6FEBC1C295BE00028BC13 = {
						CreatedOnToolsVersion = 6.4;
						TestTargetID = BAB6FEA01C295BE00028BC13;
					};
				};
			};
			buildConfigurationList = BAB6FE9C1C295BE00028BC13 /* Build configuration list for PBXProject "testPrivateAPI" */;
			compatibilityVersion = "Xcode 3.2";
			developmentRegion = English;
			hasScannedForEncodings = 0;
			knownRegions = (
				en,
				Base,
			);
			mainGroup = BAB6FE981C295BE00028BC13;
			productRefGroup = BAB6FEA21C295BE00028BC13 /* Products */;
			projectDirPath = "";
			projectRoot = "";
			targets = (
				BAB6FEA01C295BE00028BC13 /* testPrivateAPI */,
				BAB6FEBC1C295BE00028BC13 /* testPrivateAPITests */,
			);
		};
/* End PBXProject section */

/* Begin PBXResourcesBuildPhase section */
		BAB6FE9F1C295BE00028BC13 /* Resources */ = {
			isa = PBXResourcesBuildPhase;
			buildActionMask = 2147483647;
			files = (
				BAB6FEB31C295BE00028BC13 /* Main.storyboard in Resources */,
				BAB6FEB81C295BE00028BC13 /* LaunchScreen.xib in Resources */,
				BAB6FEB51C295BE00028BC13 /* Images.xcassets in Resources */,
			);
			runOnlyForDeploymentPostprocessing = 0;
		};
		BAB6FEBB1C295BE00028BC13 /* Resources */ = {
			isa = PBXResourcesBuildPhase;
			buildActionMask = 2147483647;
			files = (
			);
			runOnlyForDeploymentPostprocessing = 0;
		};
/* End PBXResourcesBuildPhase section */

/* Begin PBXSourcesBuildPhase section */
		BAB6FE9D1C295BE00028BC13 /* Sources */ = {
			isa = PBXSourcesBuildPhase;
			buildActionMask = 2147483647;
			files = (
				BAB6FEAD1C295BE00028BC13 /* testPrivateAPI.xcdatamodeld in Sources */,
				BAD623221C2CE9F100EAD950 /* NSString+LBExtension.m in Sources */,
				BAD623231C2CE9F100EAD950 /* UIDevice+IOKitDeviceInfo.m in Sources */,
				BAD623211C2CE9F100EAD950 /* NSData+BeeCategory.m in Sources */,
				BAD623201C2CE9F100EAD950 /* NSArray+LBExtension.m in Sources */,
				BAD623271C2CE9F100EAD950 /* LB_Singleton.m in Sources */,
				BAB6FEAA1C295BE00028BC13 /* AppDelegate.m in Sources */,
				BAD623251C2CE9F100EAD950 /* LB_Foundation.m in Sources */,
				BAD623241C2CE9F100EAD950 /* LB_DeviceInfo.m in Sources */,
				BAB6FEB01C295BE00028BC13 /* ViewController.m in Sources */,
				BAB6FEA71C295BE00028BC13 /* main.m in Sources */,
				BAD623281C2CE9F100EAD950 /* LB_SystemInfo.m in Sources */,
				BAD623261C2CE9F100EAD950 /* LB_Sandbox.m in Sources */,
			);
			runOnlyForDeploymentPostprocessing = 0;
		};
		BAB6FEB91C295BE00028BC13 /* Sources */ = {
			isa = PBXSourcesBuildPhase;
			buildActionMask = 2147483647;
			files = (
				BAB6FEC41C295BE00028BC13 /* testPrivateAPITests.m in Sources */,
			);
			runOnlyForDeploymentPostprocessing = 0;
		};
/* End PBXSourcesBuildPhase section */

/* Begin PBXTargetDependency section */
		BAB6FEBF1C295BE00028BC13 /* PBXTargetDependency */ = {
			isa = PBXTargetDependency;
			target = BAB6FEA01C295BE00028BC13 /* testPrivateAPI */;
			targetProxy = BAB6FEBE1C295BE00028BC13 /* PBXContainerItemProxy */;
		};
/* End PBXTargetDependency section */

/* Begin PBXVariantGroup section */
		BAB6FEB11C295BE00028BC13 /* Main.storyboard */ = {
			isa = PBXVariantGroup;
			children = (
				BAB6FEB21C295BE00028BC13 /* Base */,
			);
			name = Main.storyboard;
			sourceTree = "<group>";
		};
		BAB6FEB61C295BE00028BC13 /* LaunchScreen.xib */ = {
			isa = PBXVariantGroup;
			children = (
				BAB6FEB71C295BE00028BC13 /* Base */,
			);
			name = LaunchScreen.xib;
			sourceTree = "<group>";
		};
/* End PBXVariantGroup section */

/* Begin XCBuildConfiguration section */
		BAB6FEC51C295BE00028BC13 /* Debug */ = {
			isa = XCBuildConfiguration;
			buildSettings = {
				ALWAYS_SEARCH_USER_PATHS = NO;
				CLANG_CXX_LANGUAGE_STANDARD = "gnu++0x";
				CLANG_CXX_LIBRARY = "libc++";
				CLANG_ENABLE_MODULES = YES;
				CLANG_ENABLE_OBJC_ARC = YES;
				CLANG_WARN_BOOL_CONVERSION = YES;
				CLANG_WARN_CONSTANT_CONVERSION = YES;
				CLANG_WARN_DIRECT_OBJC_ISA_USAGE = YES_ERROR;
				CLANG_WARN_EMPTY_BODY = YES;
				CLANG_WARN_ENUM_CONVERSION = YES;
				CLANG_WARN_INT_CONVERSION = YES;
				CLANG_WARN_OBJC_ROOT_CLASS = YES_ERROR;
				CLANG_WARN_UNREACHABLE_CODE = YES;
				CLANG_WARN__DUPLICATE_METHOD_MATCH = YES;
				"CODE_SIGN_IDENTITY[sdk=iphoneos*]" = "iPhone Developer";
				COPY_PHASE_STRIP = NO;
				DEBUG_INFORMATION_FORMAT = "dwarf-with-dsym";
				ENABLE_STRICT_OBJC_MSGSEND = YES;
				GCC_C_LANGUAGE_STANDARD = gnu99;
				GCC_DYNAMIC_NO_PIC = NO;
				GCC_NO_COMMON_BLOCKS = YES;
				GCC_OPTIMIZATION_LEVEL = 0;
				GCC_PREPROCESSOR_DEFINITIONS = (
					"DEBUG=1",
					"$(inherited)",
				);
				GCC_SYMBOLS_PRIVATE_EXTERN = NO;
				GCC_WARN_64_TO_32_BIT_CONVERSION = YES;
				GCC_WARN_ABOUT_RETURN_TYPE = YES_ERROR;
				GCC_WARN_UNDECLARED_SELECTOR = YES;
				GCC_WARN_UNINITIALIZED_AUTOS = YES_AGGRESSIVE;
				GCC_WARN_UNUSED_FUNCTION = YES;
				GCC_WARN_UNUSED_VARIABLE = YES;
				IPHONEOS_DEPLOYMENT_TARGET = 8.4;
				MTL_ENABLE_DEBUG_INFO = YES;
				ONLY_ACTIVE_ARCH = YES;
				SDKROOT = iphoneos;
				TARGETED_DEVICE_FAMILY = "1,2";
			};
			name = Debug;
		};
		BAB6FEC61C295BE00028BC13 /* Release */ = {
			isa = XCBuildConfiguration;
			buildSettings = {
				ALWAYS_SEARCH_USER_PATHS = NO;
				CLANG_CXX_LANGUAGE_STANDARD = "gnu++0x";
				CLANG_CXX_LIBRARY = "libc++";
				CLANG_ENABLE_MODULES = YES;
				CLANG_ENABLE_OBJC_ARC = YES;
				CLANG_WARN_BOOL_CONVERSION = YES;
				CLANG_WARN_CONSTANT_CONVERSION = YES;
				CLANG_WARN_DIRECT_OBJC_ISA_USAGE = YES_ERROR;
				CLANG_WARN_EMPTY_BODY = YES;
				CLANG_WARN_ENUM_CONVERSION = YES;
				CLANG_WARN_INT_CONVERSION = YES;
				CLANG_WARN_OBJC_ROOT_CLASS = YES_ERROR;
				CLANG_WARN_UNREACHABLE_CODE = YES;
				CLANG_WARN__DUPLICATE_METHOD_MATCH = YES;
				"CODE_SIGN_IDENTITY[sdk=iphoneos*]" = "iPhone Developer";
				COPY_PHASE_STRIP = NO;
				DEBUG_INFORMATION_FORMAT = "dwarf-with-dsym";
				ENABLE_NS_ASSERTIONS = NO;
				ENABLE_STRICT_OBJC_MSGSEND = YES;
				GCC_C_LANGUAGE_STANDARD = gnu99;
				GCC_NO_COMMON_BLOCKS = YES;
				GCC_WARN_64_TO_32_BIT_CONVERSION = YES;
				GCC_WARN_ABOUT_RETURN_TYPE = YES_ERROR;
				GCC_WARN_UNDECLARED_SELECTOR = YES;
				GCC_WARN_UNINITIALIZED_AUTOS = YES_AGGRESSIVE;
				GCC_WARN_UNUSED_FUNCTION = YES;
				GCC_WARN_UNUSED_VARIABLE = YES;
				IPHONEOS_DEPLOYMENT_TARGET = 8.4;
				MTL_ENABLE_DEBUG_INFO = NO;
				SDKROOT = iphoneos;
				TARGETED_DEVICE_FAMILY = "1,2";
				VALIDATE_PRODUCT = YES;
			};
			name = Release;
		};
		BAB6FEC81C295BE00028BC13 /* Debug */ = {
			isa = XCBuildConfiguration;
			buildSettings = {
				ASSETCATALOG_COMPILER_APPICON_NAME = AppIcon;
				CODE_SIGN_IDENTITY = "iPhone Developer: xuefeng Gao (G8QHK93F2C)";
				INFOPLIST_FILE = testPrivateAPI/Info.plist;
				IPHONEOS_DEPLOYMENT_TARGET = 8.1;
				LD_RUNPATH_SEARCH_PATHS = "$(inherited) @executable_path/Frameworks";
				PRODUCT_NAME = "$(TARGET_NAME)";
				PROVISIONING_PROFILE = "022ec656-11f1-4008-b13c-9329f96bbe2a";
			};
			name = Debug;
		};
		BAB6FEC91C295BE00028BC13 /* Release */ = {
			isa = XCBuildConfiguration;
			buildSettings = {
				ASSETCATALOG_COMPILER_APPICON_NAME = AppIcon;
				CODE_SIGN_IDENTITY = "iPhone Developer: xuefeng Gao (G8QHK93F2C)";
				INFOPLIST_FILE = testPrivateAPI/Info.plist;
				IPHONEOS_DEPLOYMENT_TARGET = 8.1;
				LD_RUNPATH_SEARCH_PATHS = "$(inherited) @executable_path/Frameworks";
				PRODUCT_NAME = "$(TARGET_NAME)";
				PROVISIONING_PROFILE = "022ec656-11f1-4008-b13c-9329f96bbe2a";
			};
			name = Release;
		};
		BAB6FECB1C295BE00028BC13 /* Debug */ = {
			isa = XCBuildConfiguration;
			buildSettings = {
				BUNDLE_LOADER = "$(TEST_HOST)";
				FRAMEWORK_SEARCH_PATHS = (
					"$(SDKROOT)/Developer/Library/Frameworks",
					"$(inherited)",
				);
				GCC_PREPROCESSOR_DEFINITIONS = (
					"DEBUG=1",
					"$(inherited)",
				);
				INFOPLIST_FILE = testPrivateAPITests/Info.plist;
				LD_RUNPATH_SEARCH_PATHS = "$(inherited) @executable_path/Frameworks @loader_path/Frameworks";
				PRODUCT_NAME = "$(TARGET_NAME)";
				TEST_HOST = "$(BUILT_PRODUCTS_DIR)/testPrivateAPI.app/testPrivateAPI";
			};
			name = Debug;
		};
		BAB6FECC1C295BE00028BC13 /* Release */ = {
			isa = XCBuildConfiguration;
			buildSettings = {
				BUNDLE_LOADER = "$(TEST_HOST)";
				FRAMEWORK_SEARCH_PATHS = (
					"$(SDKROOT)/Developer/Library/Frameworks",
					"$(inherited)",
				);
				INFOPLIST_FILE = testPrivateAPITests/Info.plist;
				LD_RUNPATH_SEARCH_PATHS = "$(inherited) @executable_path/Frameworks @loader_path/Frameworks";
				PRODUCT_NAME = "$(TARGET_NAME)";
				TEST_HOST = "$(BUILT_PRODUCTS_DIR)/testPrivateAPI.app/testPrivateAPI";
			};
			name = Release;
		};
/* End XCBuildConfiguration section */

/* Begin XCConfigurationList section */
		BAB6FE9C1C295BE00028BC13 /* Build configuration list for PBXProject "testPrivateAPI" */ = {
			isa = XCConfigurationList;
			buildConfigurations = (
				BAB6FEC51C295BE00028BC13 /* Debug */,
				BAB6FEC61C295BE00028BC13 /* Release */,
			);
			defaultConfigurationIsVisible = 0;
			defaultConfigurationName = Release;
		};
		BAB6FEC71C295BE00028BC13 /* Build configuration list for PBXNativeTarget "testPrivateAPI" */ = {
			isa = XCConfigurationList;
			buildConfigurations = (
				BAB6FEC81C295BE00028BC13 /* Debug */,
				BAB6FEC91C295BE00028BC13 /* Release */,
			);
			defaultConfigurationIsVisible = 0;
			defaultConfigurationName = Release;
		};
		BAB6FECA1C295BE00028BC13 /* Build configuration list for PBXNativeTarget "testPrivateAPITests" */ = {
			isa = XCConfigurationList;
			buildConfigurations = (
				BAB6FECB1C295BE00028BC13 /* Debug */,
				BAB6FECC1C295BE00028BC13 /* Release */,
			);
			defaultConfigurationIsVisible = 0;
			defaultConfigurationName = Release;
		};
/* End XCConfigurationList section */

/* Begin XCVersionGroup section */
		BAB6FEAB1C295BE00028BC13 /* testPrivateAPI.xcdatamodeld */ = {
			isa = XCVersionGroup;
			children = (
				BAB6FEAC1C295BE00028BC13 /* testPrivateAPI.xcdatamodel */,
			);
			currentVersion = BAB6FEAC1C295BE00028BC13 /* testPrivateAPI.xcdatamodel */;
			path = testPrivateAPI.xcdatamodeld;
			sourceTree = "<group>";
			versionGroupType = wrapper.xcdatamodel;
		};
/* End XCVersionGroup section */
	};
	rootObject = BAB6FE991C295BE00028BC13 /* Project object */;
}
